
Microsoft Visual Studio Solution File, Format Version 12.00
# Visual Studio Version 17
VisualStudioVersion = 17.1.31903.286
MinimumVisualStudioVersion = 10.0.40219.1
Project("{9A19103F-16F7-4668-BE54-9A1E7A4F7556}") = "OnixCatalogBlazorApp", "OnixCatalogBlazorApp\OnixCatalogBlazorApp.csproj", "{22D97FAA-2A04-45EB-872B-4CB1C878F19D}"
EndProject
Global
	GlobalSection(SolutionConfigurationPlatforms) = preSolution
		Debug|Any CPU = Debug|Any CPU
		Release|Any CPU = Release|Any CPU
	EndGlobalSection
	GlobalSection(ProjectConfigurationPlatforms) = postSolution
		{22D97FAA-2A04-45EB-872B-4CB1C878F19D}.Debug|Any CPU.ActiveCfg = Debug|Any CPU
		{22D97FAA-2A04-45EB-872B-4CB1C878F19D}.Debug|Any CPU.Build.0 = Debug|Any CPU
		{22D97FAA-2A04-45EB-872B-4CB1C878F19D}.Release|Any CPU.ActiveCfg = Release|Any CPU
		{22D97FAA-2A04-45EB-872B-4CB1C878F19D}.Release|Any CPU.Build.0 = Release|Any CPU
	EndGlobalSection
	GlobalSection(SolutionProperties) = preSolution
		HideSolutionNode = FALSE
	EndGlobalSection
	GlobalSection(ExtensibilityGlobals) = postSolution
		SolutionGuid = {CC7E4B59-D757-4763-B147-343A2EF69014}
	EndGlobalSection
EndGlobal
